// !$*UTF8*$!
{
	archiveVersion = 1;
	classes = {
	};
	objectVersion = 56;
	objects = {

/* Begin PBXBuildFile section */
		13216B612A79239D00920634 /* PFBatDeskAppLPApp.swift in Sources */ = {isa = PBXBuildFile; fileRef = 13216B602A79239D00920634 /* PFBatDeskAppLPApp.swift */; };
		13216B632A79239D00920634 /* ContentView.swift in Sources */ = {isa = PBXBuildFile; fileRef = 13216B622A79239D00920634 /* ContentView.swift */; };
		13216B652A79239E00920634 /* Assets.xcassets in Resources */ = {isa = PBXBuildFile; fileRef = 13216B642A79239E00920634 /* Assets.xcassets */; };
		13216B682A79239E00920634 /* Preview Assets.xcassets in Resources */ = {isa = PBXBuildFile; fileRef = 13216B672A79239E00920634 /* Preview Assets.xcassets */; };
		13216B722A79239E00920634 /* PFBatDeskAppLPTests.swift in Sources */ = {isa = PBXBuildFile; fileRef = 13216B712A79239E00920634 /* PFBatDeskAppLPTests.swift */; };
		13216B7C2A79239E00920634 /* PFBatDeskAppLPUITests.swift in Sources */ = {isa = PBXBuildFile; fileRef = 13216B7B2A79239E00920634 /* PFBatDeskAppLPUITests.swift */; };
		13216B7E2A79239E00920634 /* PFBatDeskAppLPUITestsLaunchTests.swift in Sources */ = {isa = PBXBuildFile; fileRef = 13216B7D2A79239E00920634 /* PFBatDeskAppLPUITestsLaunchTests.swift */; };
		13216B8B2A7923AE00920634 /* TemarioAcciones.rtf in Resources */ = {isa = PBXBuildFile; fileRef = 13216B8A2A7923AE00920634 /* TemarioAcciones.rtf */; };
		13216B982A79266B00920634 /* LoginView.swift in Sources */ = {isa = PBXBuildFile; fileRef = 13216B972A79266B00920634 /* LoginView.swift */; };
		13216B9B2A7926B900920634 /* HomeViewModel.swift in Sources */ = {isa = PBXBuildFile; fileRef = 13216B9A2A7926B900920634 /* HomeViewModel.swift */; };
		13216B9D2A7926CD00920634 /* HomeView.swift in Sources */ = {isa = PBXBuildFile; fileRef = 13216B9C2A7926CD00920634 /* HomeView.swift */; };
		13216BA32A79273100920634 /* RootView.swift in Sources */ = {isa = PBXBuildFile; fileRef = 13216BA22A79273100920634 /* RootView.swift */; };
		13216BA52A79275F00920634 /* RootViewModel.swift in Sources */ = {isa = PBXBuildFile; fileRef = 13216BA42A79275F00920634 /* RootViewModel.swift */; };
		13216BA72A79277600920634 /* SettingsView.swift in Sources */ = {isa = PBXBuildFile; fileRef = 13216BA62A79277600920634 /* SettingsView.swift */; };
/* End PBXBuildFile section */

/* Begin PBXContainerItemProxy section */
		13216B6E2A79239E00920634 /* PBXContainerItemProxy */ = {
			isa = PBXContainerItemProxy;
			containerPortal = 13216B552A79239D00920634 /* Project object */;
			proxyType = 1;
			remoteGlobalIDString = 13216B5C2A79239D00920634;
			remoteInfo = PFBatDeskAppLP;
		};
		13216B782A79239E00920634 /* PBXContainerItemProxy */ = {
			isa = PBXContainerItemProxy;
			containerPortal = 13216B552A79239D00920634 /* Project object */;
			proxyType = 1;
			remoteGlobalIDString = 13216B5C2A79239D00920634;
			remoteInfo = PFBatDeskAppLP;
		};
/* End PBXContainerItemProxy section */

/* Begin PBXFileReference section */
		13216B5D2A79239D00920634 /* PFBatDeskAppLP.app */ = {isa = PBXFileReference; explicitFileType = wrapper.application; includeInIndex = 0; path = PFBatDeskAppLP.app; sourceTree = BUILT_PRODUCTS_DIR; };
		13216B602A79239D00920634 /* PFBatDeskAppLPApp.swift */ = {isa = PBXFileReference; lastKnownFileType = sourcecode.swift; path = PFBatDeskAppLPApp.swift; sourceTree = "<group>"; };
		13216B622A79239D00920634 /* ContentView.swift */ = {isa = PBXFileReference; lastKnownFileType = sourcecode.swift; path = ContentView.swift; sourceTree = "<group>"; };
		13216B642A79239E00920634 /* Assets.xcassets */ = {isa = PBXFileReference; lastKnownFileType = folder.assetcatalog; path = Assets.xcassets; sourceTree = "<group>"; };
		13216B672A79239E00920634 /* Preview Assets.xcassets */ = {isa = PBXFileReference; lastKnownFileType = folder.assetcatalog; path = "Preview Assets.xcassets"; sourceTree = "<group>"; };
		13216B6D2A79239E00920634 /* PFBatDeskAppLPTests.xctest */ = {isa = PBXFileReference; explicitFileType = wrapper.cfbundle; includeInIndex = 0; path = PFBatDeskAppLPTests.xctest; sourceTree = BUILT_PRODUCTS_DIR; };
		13216B712A79239E00920634 /* PFBatDeskAppLPTests.swift */ = {isa = PBXFileReference; lastKnownFileType = sourcecode.swift; path = PFBatDeskAppLPTests.swift; sourceTree = "<group>"; };
		13216B772A79239E00920634 /* PFBatDeskAppLPUITests.xctest */ = {isa = PBXFileReference; explicitFileType = wrapper.cfbundle; includeInIndex = 0; path = PFBatDeskAppLPUITests.xctest; sourceTree = BUILT_PRODUCTS_DIR; };
		13216B7B2A79239E00920634 /* PFBatDeskAppLPUITests.swift */ = {isa = PBXFileReference; lastKnownFileType = sourcecode.swift; path = PFBatDeskAppLPUITests.swift; sourceTree = "<group>"; };
		13216B7D2A79239E00920634 /* PFBatDeskAppLPUITestsLaunchTests.swift */ = {isa = PBXFileReference; lastKnownFileType = sourcecode.swift; path = PFBatDeskAppLPUITestsLaunchTests.swift; sourceTree = "<group>"; };
		13216B8A2A7923AE00920634 /* TemarioAcciones.rtf */ = {isa = PBXFileReference; fileEncoding = 4; lastKnownFileType = text.rtf; path = TemarioAcciones.rtf; sourceTree = "<group>"; };
		13216B972A79266B00920634 /* LoginView.swift */ = {isa = PBXFileReference; lastKnownFileType = sourcecode.swift; path = LoginView.swift; sourceTree = "<group>"; };
		13216B9A2A7926B900920634 /* HomeViewModel.swift */ = {isa = PBXFileReference; lastKnownFileType = sourcecode.swift; path = HomeViewModel.swift; sourceTree = "<group>"; };
		13216B9C2A7926CD00920634 /* HomeView.swift */ = {isa = PBXFileReference; lastKnownFileType = sourcecode.swift; path = HomeView.swift; sourceTree = "<group>"; };
		13216BA22A79273100920634 /* RootView.swift */ = {isa = PBXFileReference; lastKnownFileType = sourcecode.swift; path = RootView.swift; sourceTree = "<group>"; };
		13216BA42A79275F00920634 /* RootViewModel.swift */ = {isa = PBXFileReference; lastKnownFileType = sourcecode.swift; path = RootViewModel.swift; sourceTree = "<group>"; };
		13216BA62A79277600920634 /* SettingsView.swift */ = {isa = PBXFileReference; lastKnownFileType = sourcecode.swift; path = SettingsView.swift; sourceTree = "<group>"; };
/* End PBXFileReference section */

/* Begin PBXFrameworksBuildPhase section */
		13216B5A2A79239D00920634 /* Frameworks */ = {
			isa = PBXFrameworksBuildPhase;
			buildActionMask = 2147483647;
			files = (
			);
			runOnlyForDeploymentPostprocessing = 0;
		};
		13216B6A2A79239E00920634 /* Frameworks */ = {
			isa = PBXFrameworksBuildPhase;
			buildActionMask = 2147483647;
			files = (
			);
			runOnlyForDeploymentPostprocessing = 0;
		};
		13216B742A79239E00920634 /* Frameworks */ = {
			isa = PBXFrameworksBuildPhase;
			buildActionMask = 2147483647;
			files = (
			);
			runOnlyForDeploymentPostprocessing = 0;
		};
/* End PBXFrameworksBuildPhase section */

/* Begin PBXGroup section */
		13216B542A79239D00920634 = {
			isa = PBXGroup;
			children = (
				13216B8A2A7923AE00920634 /* TemarioAcciones.rtf */,
				13216B5F2A79239D00920634 /* PFBatDeskAppLP */,
				13216B702A79239E00920634 /* PFBatDeskAppLPTests */,
				13216B7A2A79239E00920634 /* PFBatDeskAppLPUITests */,
				13216B5E2A79239D00920634 /* Products */,
			);
			sourceTree = "<group>";
		};
		13216B5E2A79239D00920634 /* Products */ = {
			isa = PBXGroup;
			children = (
				13216B5D2A79239D00920634 /* PFBatDeskAppLP.app */,
				13216B6D2A79239E00920634 /* PFBatDeskAppLPTests.xctest */,
				13216B772A79239E00920634 /* PFBatDeskAppLPUITests.xctest */,
			);
			name = Products;
			sourceTree = "<group>";
		};
		13216B5F2A79239D00920634 /* PFBatDeskAppLP */ = {
			isa = PBXGroup;
			children = (
				13216B8C2A7923DE00920634 /* Data */,
				13216B8E2A79242100920634 /* Domain */,
				13216B8F2A79242700920634 /* Presentation */,
				13216B8D2A7923E500920634 /* App */,
			);
			path = PFBatDeskAppLP;
			sourceTree = "<group>";
		};
		13216B662A79239E00920634 /* Preview Content */ = {
			isa = PBXGroup;
			children = (
				13216B672A79239E00920634 /* Preview Assets.xcassets */,
			);
			path = "Preview Content";
			sourceTree = "<group>";
		};
		13216B702A79239E00920634 /* PFBatDeskAppLPTests */ = {
			isa = PBXGroup;
			children = (
				13216B712A79239E00920634 /* PFBatDeskAppLPTests.swift */,
			);
			path = PFBatDeskAppLPTests;
			sourceTree = "<group>";
		};
		13216B7A2A79239E00920634 /* PFBatDeskAppLPUITests */ = {
			isa = PBXGroup;
			children = (
				13216B7B2A79239E00920634 /* PFBatDeskAppLPUITests.swift */,
				13216B7D2A79239E00920634 /* PFBatDeskAppLPUITestsLaunchTests.swift */,
			);
			path = PFBatDeskAppLPUITests;
			sourceTree = "<group>";
		};
		13216B8C2A7923DE00920634 /* Data */ = {
			isa = PBXGroup;
			children = (
			);
			path = Data;
			sourceTree = "<group>";
		};
		13216B8D2A7923E500920634 /* App */ = {
			isa = PBXGroup;
			children = (
				13216B602A79239D00920634 /* PFBatDeskAppLPApp.swift */,
				13216B902A79246200920634 /* Resources */,
				13216B622A79239D00920634 /* ContentView.swift */,
			);
			path = App;
			sourceTree = "<group>";
		};
		13216B8E2A79242100920634 /* Domain */ = {
			isa = PBXGroup;
			children = (
				13216BA92A7927AA00920634 /* Models */,
				13216BA82A7927A500920634 /* Protocolos */,
			);
			path = Domain;
			sourceTree = "<group>";
		};
		13216B8F2A79242700920634 /* Presentation */ = {
			isa = PBXGroup;
			children = (
				13216B962A79263100920634 /* Settings */,
				13216B952A79262E00920634 /* Root */,
				13216B942A79262500920634 /* Resources */,
				13216B932A79262100920634 /* Home */,
				13216B922A79261D00920634 /* Login */,
				13216B912A79260D00920634 /* Splash */,
			);
			path = Presentation;
			sourceTree = "<group>";
		};
		13216B902A79246200920634 /* Resources */ = {
			isa = PBXGroup;
			children = (
				13216B642A79239E00920634 /* Assets.xcassets */,
			);
			path = Resources;
			sourceTree = "<group>";
		};
		13216B912A79260D00920634 /* Splash */ = {
			isa = PBXGroup;
			children = (
			);
			path = Splash;
			sourceTree = "<group>";
		};
		13216B922A79261D00920634 /* Login */ = {
			isa = PBXGroup;
			children = (
				13216B972A79266B00920634 /* LoginView.swift */,
			);
			path = Login;
			sourceTree = "<group>";
		};
		13216B932A79262100920634 /* Home */ = {
			isa = PBXGroup;
			children = (
				13216B992A79267600920634 /* DesksCell */,
				13216B9A2A7926B900920634 /* HomeViewModel.swift */,
				13216B9C2A7926CD00920634 /* HomeView.swift */,
			);
			path = Home;
			sourceTree = "<group>";
		};
		13216B942A79262500920634 /* Resources */ = {
			isa = PBXGroup;
			children = (
				13216B662A79239E00920634 /* Preview Content */,
				13216B9F2A7926ED00920634 /* Components */,
			);
			path = Resources;
			sourceTree = "<group>";
		};
		13216B952A79262E00920634 /* Root */ = {
			isa = PBXGroup;
			children = (
				13216BA22A79273100920634 /* RootView.swift */,
				13216BA42A79275F00920634 /* RootViewModel.swift */,
			);
			path = Root;
			sourceTree = "<group>";
		};
		13216B962A79263100920634 /* Settings */ = {
			isa = PBXGroup;
			children = (
				13216BA62A79277600920634 /* SettingsView.swift */,
			);
			path = Settings;
			sourceTree = "<group>";
		};
		13216B992A79267600920634 /* DesksCell */ = {
			isa = PBXGroup;
			children = (
			);
			path = DesksCell;
			sourceTree = "<group>";
		};
		13216B9F2A7926ED00920634 /* Components */ = {
			isa = PBXGroup;
			children = (
			);
			path = Components;
			sourceTree = "<group>";
		};
		13216BA82A7927A500920634 /* Protocolos */ = {
			isa = PBXGroup;
			children = (
			);
			path = Protocolos;
			sourceTree = "<group>";
		};
		13216BA92A7927AA00920634 /* Models */ = {
			isa = PBXGroup;
			children = (
			);
			path = Models;
			sourceTree = "<group>";
		};
/* End PBXGroup section */

/* Begin PBXNativeTarget section */
		13216B5C2A79239D00920634 /* PFBatDeskAppLP */ = {
			isa = PBXNativeTarget;
			buildConfigurationList = 13216B812A79239E00920634 /* Build configuration list for PBXNativeTarget "PFBatDeskAppLP" */;
			buildPhases = (
				13216B592A79239D00920634 /* Sources */,
				13216B5A2A79239D00920634 /* Frameworks */,
				13216B5B2A79239D00920634 /* Resources */,
			);
			buildRules = (
			);
			dependencies = (
			);
			name = PFBatDeskAppLP;
			productName = PFBatDeskAppLP;
			productReference = 13216B5D2A79239D00920634 /* PFBatDeskAppLP.app */;
			productType = "com.apple.product-type.application";
		};
		13216B6C2A79239E00920634 /* PFBatDeskAppLPTests */ = {
			isa = PBXNativeTarget;
			buildConfigurationList = 13216B842A79239E00920634 /* Build configuration list for PBXNativeTarget "PFBatDeskAppLPTests" */;
			buildPhases = (
				13216B692A79239E00920634 /* Sources */,
				13216B6A2A79239E00920634 /* Frameworks */,
				13216B6B2A79239E00920634 /* Resources */,
			);
			buildRules = (
			);
			dependencies = (
				13216B6F2A79239E00920634 /* PBXTargetDependency */,
			);
			name = PFBatDeskAppLPTests;
			productName = PFBatDeskAppLPTests;
			productReference = 13216B6D2A79239E00920634 /* PFBatDeskAppLPTests.xctest */;
			productType = "com.apple.product-type.bundle.unit-test";
		};
		13216B762A79239E00920634 /* PFBatDeskAppLPUITests */ = {
			isa = PBXNativeTarget;
			buildConfigurationList = 13216B872A79239E00920634 /* Build configuration list for PBXNativeTarget "PFBatDeskAppLPUITests" */;
			buildPhases = (
				13216B732A79239E00920634 /* Sources */,
				13216B742A79239E00920634 /* Frameworks */,
				13216B752A79239E00920634 /* Resources */,
			);
			buildRules = (
			);
			dependencies = (
				13216B792A79239E00920634 /* PBXTargetDependency */,
			);
			name = PFBatDeskAppLPUITests;
			productName = PFBatDeskAppLPUITests;
			productReference = 13216B772A79239E00920634 /* PFBatDeskAppLPUITests.xctest */;
			productType = "com.apple.product-type.bundle.ui-testing";
		};
/* End PBXNativeTarget section */

/* Begin PBXProject section */
		13216B552A79239D00920634 /* Project object */ = {
			isa = PBXProject;
			attributes = {
				BuildIndependentTargetsInParallel = 1;
				LastSwiftUpdateCheck = 1430;
				LastUpgradeCheck = 1430;
				TargetAttributes = {
					13216B5C2A79239D00920634 = {
						CreatedOnToolsVersion = 14.3.1;
					};
					13216B6C2A79239E00920634 = {
						CreatedOnToolsVersion = 14.3.1;
						TestTargetID = 13216B5C2A79239D00920634;
					};
					13216B762A79239E00920634 = {
						CreatedOnToolsVersion = 14.3.1;
						TestTargetID = 13216B5C2A79239D00920634;
					};
				};
			};
			buildConfigurationList = 13216B582A79239D00920634 /* Build configuration list for PBXProject "PFBatDeskAppLP" */;
			compatibilityVersion = "Xcode 14.0";
			developmentRegion = en;
			hasScannedForEncodings = 0;
			knownRegions = (
				en,
				Base,
			);
			mainGroup = 13216B542A79239D00920634;
			productRefGroup = 13216B5E2A79239D00920634 /* Products */;
			projectDirPath = "";
			projectRoot = "";
			targets = (
				13216B5C2A79239D00920634 /* PFBatDeskAppLP */,
				13216B6C2A79239E00920634 /* PFBatDeskAppLPTests */,
				13216B762A79239E00920634 /* PFBatDeskAppLPUITests */,
			);
		};
/* End PBXProject section */

/* Begin PBXResourcesBuildPhase section */
		13216B5B2A79239D00920634 /* Resources */ = {
			isa = PBXResourcesBuildPhase;
			buildActionMask = 2147483647;
			files = (
				13216B682A79239E00920634 /* Preview Assets.xcassets in Resources */,
				13216B652A79239E00920634 /* Assets.xcassets in Resources */,
			);
			runOnlyForDeploymentPostprocessing = 0;
		};
		13216B6B2A79239E00920634 /* Resources */ = {
			isa = PBXResourcesBuildPhase;
			buildActionMask = 2147483647;
			files = (
			);
			runOnlyForDeploymentPostprocessing = 0;
		};
		13216B752A79239E00920634 /* Resources */ = {
			isa = PBXResourcesBuildPhase;
			buildActionMask = 2147483647;
			files = (
				13216B8B2A7923AE00920634 /* TemarioAcciones.rtf in Resources */,
			);
			runOnlyForDeploymentPostprocessing = 0;
		};
/* End PBXResourcesBuildPhase section */

/* Begin PBXSourcesBuildPhase section */
		13216B592A79239D00920634 /* Sources */ = {
			isa = PBXSourcesBuildPhase;
			buildActionMask = 2147483647;
			files = (
				13216B982A79266B00920634 /* LoginView.swift in Sources */,
				13216BA72A79277600920634 /* SettingsView.swift in Sources */,
				13216BA52A79275F00920634 /* RootViewModel.swift in Sources */,
				13216B632A79239D00920634 /* ContentView.swift in Sources */,
				13216B612A79239D00920634 /* PFBatDeskAppLPApp.swift in Sources */,
				13216BA32A79273100920634 /* RootView.swift in Sources */,
				13216B9D2A7926CD00920634 /* HomeView.swift in Sources */,
				13216B9B2A7926B900920634 /* HomeViewModel.swift in Sources */,
			);
			runOnlyForDeploymentPostprocessing = 0;
		};
		13216B692A79239E00920634 /* Sources */ = {
			isa = PBXSourcesBuildPhase;
			buildActionMask = 2147483647;
			files = (
				13216B722A79239E00920634 /* PFBatDeskAppLPTests.swift in Sources */,
			);
			runOnlyForDeploymentPostprocessing = 0;
		};
		13216B732A79239E00920634 /* Sources */ = {
			isa = PBXSourcesBuildPhase;
			buildActionMask = 2147483647;
			files = (
				13216B7C2A79239E00920634 /* PFBatDeskAppLPUITests.swift in Sources */,
				13216B7E2A79239E00920634 /* PFBatDeskAppLPUITestsLaunchTests.swift in Sources */,
			);
			runOnlyForDeploymentPostprocessing = 0;
		};
/* End PBXSourcesBuildPhase section */

/* Begin PBXTargetDependency section */
		13216B6F2A79239E00920634 /* PBXTargetDependency */ = {
			isa = PBXTargetDependency;
			target = 13216B5C2A79239D00920634 /* PFBatDeskAppLP */;
			targetProxy = 13216B6E2A79239E00920634 /* PBXContainerItemProxy */;
		};
		13216B792A79239E00920634 /* PBXTargetDependency */ = {
			isa = PBXTargetDependency;
			target = 13216B5C2A79239D00920634 /* PFBatDeskAppLP */;
			targetProxy = 13216B782A79239E00920634 /* PBXContainerItemProxy */;
		};
/* End PBXTargetDependency section */

/* Begin XCBuildConfiguration section */
		13216B7F2A79239E00920634 /* Debug */ = {
			isa = XCBuildConfiguration;
			buildSettings = {
				ALWAYS_SEARCH_USER_PATHS = NO;
				CLANG_ANALYZER_NONNULL = YES;
				CLANG_ANALYZER_NUMBER_OBJECT_CONVERSION = YES_AGGRESSIVE;
				CLANG_CXX_LANGUAGE_STANDARD = "gnu++20";
				CLANG_ENABLE_MODULES = YES;
				CLANG_ENABLE_OBJC_ARC = YES;
				CLANG_ENABLE_OBJC_WEAK = YES;
				CLANG_WARN_BLOCK_CAPTURE_AUTORELEASING = YES;
				CLANG_WARN_BOOL_CONVERSION = YES;
				CLANG_WARN_COMMA = YES;
				CLANG_WARN_CONSTANT_CONVERSION = YES;
				CLANG_WARN_DEPRECATED_OBJC_IMPLEMENTATIONS = YES;
				CLANG_WARN_DIRECT_OBJC_ISA_USAGE = YES_ERROR;
				CLANG_WARN_DOCUMENTATION_COMMENTS = YES;
				CLANG_WARN_EMPTY_BODY = YES;
				CLANG_WARN_ENUM_CONVERSION = YES;
				CLANG_WARN_INFINITE_RECURSION = YES;
				CLANG_WARN_INT_CONVERSION = YES;
				CLANG_WARN_NON_LITERAL_NULL_CONVERSION = YES;
				CLANG_WARN_OBJC_IMPLICIT_RETAIN_SELF = YES;
				CLANG_WARN_OBJC_LITERAL_CONVERSION = YES;
				CLANG_WARN_OBJC_ROOT_CLASS = YES_ERROR;
				CLANG_WARN_QUOTED_INCLUDE_IN_FRAMEWORK_HEADER = YES;
				CLANG_WARN_RANGE_LOOP_ANALYSIS = YES;
				CLANG_WARN_STRICT_PROTOTYPES = YES;
				CLANG_WARN_SUSPICIOUS_MOVE = YES;
				CLANG_WARN_UNGUARDED_AVAILABILITY = YES_AGGRESSIVE;
				CLANG_WARN_UNREACHABLE_CODE = YES;
				CLANG_WARN__DUPLICATE_METHOD_MATCH = YES;
				COPY_PHASE_STRIP = NO;
				DEBUG_INFORMATION_FORMAT = dwarf;
				ENABLE_STRICT_OBJC_MSGSEND = YES;
				ENABLE_TESTABILITY = YES;
				GCC_C_LANGUAGE_STANDARD = gnu11;
				GCC_DYNAMIC_NO_PIC = NO;
				GCC_NO_COMMON_BLOCKS = YES;
				GCC_OPTIMIZATION_LEVEL = 0;
				GCC_PREPROCESSOR_DEFINITIONS = (
					"DEBUG=1",
					"$(inherited)",
				);
				GCC_WARN_64_TO_32_BIT_CONVERSION = YES;
				GCC_WARN_ABOUT_RETURN_TYPE = YES_ERROR;
				GCC_WARN_UNDECLARED_SELECTOR = YES;
				GCC_WARN_UNINITIALIZED_AUTOS = YES_AGGRESSIVE;
				GCC_WARN_UNUSED_FUNCTION = YES;
				GCC_WARN_UNUSED_VARIABLE = YES;
				IPHONEOS_DEPLOYMENT_TARGET = 16.0;
				MTL_ENABLE_DEBUG_INFO = INCLUDE_SOURCE;
				MTL_FAST_MATH = YES;
				ONLY_ACTIVE_ARCH = YES;
				SDKROOT = iphoneos;
				SWIFT_ACTIVE_COMPILATION_CONDITIONS = DEBUG;
				SWIFT_OPTIMIZATION_LEVEL = "-Onone";
			};
			name = Debug;
		};
		13216B802A79239E00920634 /* Release */ = {
			isa = XCBuildConfiguration;
			buildSettings = {
				ALWAYS_SEARCH_USER_PATHS = NO;
				CLANG_ANALYZER_NONNULL = YES;
				CLANG_ANALYZER_NUMBER_OBJECT_CONVERSION = YES_AGGRESSIVE;
				CLANG_CXX_LANGUAGE_STANDARD = "gnu++20";
				CLANG_ENABLE_MODULES = YES;
				CLANG_ENABLE_OBJC_ARC = YES;
				CLANG_ENABLE_OBJC_WEAK = YES;
				CLANG_WARN_BLOCK_CAPTURE_AUTORELEASING = YES;
				CLANG_WARN_BOOL_CONVERSION = YES;
				CLANG_WARN_COMMA = YES;
				CLANG_WARN_CONSTANT_CONVERSION = YES;
				CLANG_WARN_DEPRECATED_OBJC_IMPLEMENTATIONS = YES;
				CLANG_WARN_DIRECT_OBJC_ISA_USAGE = YES_ERROR;
				CLANG_WARN_DOCUMENTATION_COMMENTS = YES;
				CLANG_WARN_EMPTY_BODY = YES;
				CLANG_WARN_ENUM_CONVERSION = YES;
				CLANG_WARN_INFINITE_RECURSION = YES;
				CLANG_WARN_INT_CONVERSION = YES;
				CLANG_WARN_NON_LITERAL_NULL_CONVERSION = YES;
				CLANG_WARN_OBJC_IMPLICIT_RETAIN_SELF = YES;
				CLANG_WARN_OBJC_LITERAL_CONVERSION = YES;
				CLANG_WARN_OBJC_ROOT_CLASS = YES_ERROR;
				CLANG_WARN_QUOTED_INCLUDE_IN_FRAMEWORK_HEADER = YES;
				CLANG_WARN_RANGE_LOOP_ANALYSIS = YES;
				CLANG_WARN_STRICT_PROTOTYPES = YES;
				CLANG_WARN_SUSPICIOUS_MOVE = YES;
				CLANG_WARN_UNGUARDED_AVAILABILITY = YES_AGGRESSIVE;
				CLANG_WARN_UNREACHABLE_CODE = YES;
				CLANG_WARN__DUPLICATE_METHOD_MATCH = YES;
				COPY_PHASE_STRIP = NO;
				DEBUG_INFORMATION_FORMAT = "dwarf-with-dsym";
				ENABLE_NS_ASSERTIONS = NO;
				ENABLE_STRICT_OBJC_MSGSEND = YES;
				GCC_C_LANGUAGE_STANDARD = gnu11;
				GCC_NO_COMMON_BLOCKS = YES;
				GCC_WARN_64_TO_32_BIT_CONVERSION = YES;
				GCC_WARN_ABOUT_RETURN_TYPE = YES_ERROR;
				GCC_WARN_UNDECLARED_SELECTOR = YES;
				GCC_WARN_UNINITIALIZED_AUTOS = YES_AGGRESSIVE;
				GCC_WARN_UNUSED_FUNCTION = YES;
				GCC_WARN_UNUSED_VARIABLE = YES;
				IPHONEOS_DEPLOYMENT_TARGET = 16.0;
				MTL_ENABLE_DEBUG_INFO = NO;
				MTL_FAST_MATH = YES;
				SDKROOT = iphoneos;
				SWIFT_COMPILATION_MODE = wholemodule;
				SWIFT_OPTIMIZATION_LEVEL = "-O";
				VALIDATE_PRODUCT = YES;
			};
			name = Release;
		};
		13216B822A79239E00920634 /* Debug */ = {
			isa = XCBuildConfiguration;
			buildSettings = {
				ASSETCATALOG_COMPILER_APPICON_NAME = AppIcon;
				ASSETCATALOG_COMPILER_GLOBAL_ACCENT_COLOR_NAME = AccentColor;
				CODE_SIGN_STYLE = Automatic;
				CURRENT_PROJECT_VERSION = 1;
				DEVELOPMENT_ASSET_PATHS = "\"PFBatDeskAppLP/Presentation/Resources/Preview Content\"";
				DEVELOPMENT_TEAM = DNUUCY5TDZ;
				DRIVERKIT_DEPLOYMENT_TARGET = 22.4;
				ENABLE_PREVIEWS = YES;
				GENERATE_INFOPLIST_FILE = YES;
				INFOPLIST_KEY_UIApplicationSceneManifest_Generation = YES;
				INFOPLIST_KEY_UIApplicationSupportsIndirectInputEvents = YES;
				INFOPLIST_KEY_UILaunchScreen_Generation = YES;
				INFOPLIST_KEY_UISupportedInterfaceOrientations_iPad = "UIInterfaceOrientationPortrait UIInterfaceOrientationPortraitUpsideDown UIInterfaceOrientationLandscapeLeft UIInterfaceOrientationLandscapeRight";
				INFOPLIST_KEY_UISupportedInterfaceOrientations_iPhone = "UIInterfaceOrientationPortrait UIInterfaceOrientationLandscapeLeft UIInterfaceOrientationLandscapeRight";
				IPHONEOS_DEPLOYMENT_TARGET = 16.0;
				LD_RUNPATH_SEARCH_PATHS = (
					"$(inherited)",
					"@executable_path/Frameworks",
				);
				MARKETING_VERSION = 1.0;
				PRODUCT_BUNDLE_IDENTIFIER = com.LMPagano.PFBatDeskAppLP;
				PRODUCT_NAME = "$(TARGET_NAME)";
				SWIFT_EMIT_LOC_STRINGS = YES;
				SWIFT_VERSION = 5.0;
				TARGETED_DEVICE_FAMILY = "1,2";
			};
			name = Debug;
		};
		13216B832A79239E00920634 /* Release */ = {
			isa = XCBuildConfiguration;
			buildSettings = {
				ASSETCATALOG_COMPILER_APPICON_NAME = AppIcon;
				ASSETCATALOG_COMPILER_GLOBAL_ACCENT_COLOR_NAME = AccentColor;
				CODE_SIGN_STYLE = Automatic;
				CURRENT_PROJECT_VERSION = 1;
				DEVELOPMENT_ASSET_PATHS = "\"PFBatDeskAppLP/Presentation/Resources/Preview Content\"";
				DEVELOPMENT_TEAM = DNUUCY5TDZ;
				DRIVERKIT_DEPLOYMENT_TARGET = 22.4;
				ENABLE_PREVIEWS = YES;
				GENERATE_INFOPLIST_FILE = YES;
				INFOPLIST_KEY_UIApplicationSceneManifest_Generation = YES;
				INFOPLIST_KEY_UIApplicationSupportsIndirectInputEvents = YES;
				INFOPLIST_KEY_UILaunchScreen_Generation = YES;
				INFOPLIST_KEY_UISupportedInterfaceOrientations_iPad = "UIInterfaceOrientationPortrait UIInterfaceOrientationPortraitUpsideDown UIInterfaceOrientationLandscapeLeft UIInterfaceOrientationLandscapeRight";
				INFOPLIST_KEY_UISupportedInterfaceOrientations_iPhone = "UIInterfaceOrientationPortrait UIInterfaceOrientationLandscapeLeft UIInterfaceOrientationLandscapeRight";
				IPHONEOS_DEPLOYMENT_TARGET = 16.0;
				LD_RUNPATH_SEARCH_PATHS = (
					"$(inherited)",
					"@executable_path/Frameworks",
				);
				MARKETING_VERSION = 1.0;
				PRODUCT_BUNDLE_IDENTIFIER = com.LMPagano.PFBatDeskAppLP;
				PRODUCT_NAME = "$(TARGET_NAME)";
				SWIFT_EMIT_LOC_STRINGS = YES;
				SWIFT_VERSION = 5.0;
				TARGETED_DEVICE_FAMILY = "1,2";
			};
			name = Release;
		};
		13216B852A79239E00920634 /* Debug */ = {
			isa = XCBuildConfiguration;
			buildSettings = {
				ALWAYS_EMBED_SWIFT_STANDARD_LIBRARIES = YES;
				BUNDLE_LOADER = "$(TEST_HOST)";
				CODE_SIGN_STYLE = Automatic;
				CURRENT_PROJECT_VERSION = 1;
				DEVELOPMENT_TEAM = DNUUCY5TDZ;
				GENERATE_INFOPLIST_FILE = YES;
				IPHONEOS_DEPLOYMENT_TARGET = 16.0;
				MARKETING_VERSION = 1.0;
				PRODUCT_BUNDLE_IDENTIFIER = com.LMPagano.PFBatDeskAppLPTests;
				PRODUCT_NAME = "$(TARGET_NAME)";
				SWIFT_EMIT_LOC_STRINGS = NO;
				SWIFT_VERSION = 5.0;
				TARGETED_DEVICE_FAMILY = "1,2";
				TEST_HOST = "$(BUILT_PRODUCTS_DIR)/PFBatDeskAppLP.app/$(BUNDLE_EXECUTABLE_FOLDER_PATH)/PFBatDeskAppLP";
			};
			name = Debug;
		};
		13216B862A79239E00920634 /* Release */ = {
			isa = XCBuildConfiguration;
			buildSettings = {
				ALWAYS_EMBED_SWIFT_STANDARD_LIBRARIES = YES;
				BUNDLE_LOADER = "$(TEST_HOST)";
				CODE_SIGN_STYLE = Automatic;
				CURRENT_PROJECT_VERSION = 1;
				DEVELOPMENT_TEAM = DNUUCY5TDZ;
				GENERATE_INFOPLIST_FILE = YES;
				IPHONEOS_DEPLOYMENT_TARGET = 16.0;
				MARKETING_VERSION = 1.0;
				PRODUCT_BUNDLE_IDENTIFIER = com.LMPagano.PFBatDeskAppLPTests;
				PRODUCT_NAME = "$(TARGET_NAME)";
				SWIFT_EMIT_LOC_STRINGS = NO;
				SWIFT_VERSION = 5.0;
				TARGETED_DEVICE_FAMILY = "1,2";
				TEST_HOST = "$(BUILT_PRODUCTS_DIR)/PFBatDeskAppLP.app/$(BUNDLE_EXECUTABLE_FOLDER_PATH)/PFBatDeskAppLP";
			};
			name = Release;
		};
		13216B882A79239E00920634 /* Debug */ = {
			isa = XCBuildConfiguration;
			buildSettings = {
				ALWAYS_EMBED_SWIFT_STANDARD_LIBRARIES = YES;
				CODE_SIGN_STYLE = Automatic;
				CURRENT_PROJECT_VERSION = 1;
				DEVELOPMENT_TEAM = DNUUCY5TDZ;
				GENERATE_INFOPLIST_FILE = YES;
				MARKETING_VERSION = 1.0;
				PRODUCT_BUNDLE_IDENTIFIER = com.LMPagano.PFBatDeskAppLPUITests;
				PRODUCT_NAME = "$(TARGET_NAME)";
				SWIFT_EMIT_LOC_STRINGS = NO;
				SWIFT_VERSION = 5.0;
				TARGETED_DEVICE_FAMILY = "1,2";
				TEST_TARGET_NAME = PFBatDeskAppLP;
			};
			name = Debug;
		};
		13216B892A79239E00920634 /* Release */ = {
			isa = XCBuildConfiguration;
			buildSettings = {
				ALWAYS_EMBED_SWIFT_STANDARD_LIBRARIES = YES;
				CODE_SIGN_STYLE = Automatic;
				CURRENT_PROJECT_VERSION = 1;
				DEVELOPMENT_TEAM = DNUUCY5TDZ;
				GENERATE_INFOPLIST_FILE = YES;
				MARKETING_VERSION = 1.0;
				PRODUCT_BUNDLE_IDENTIFIER = com.LMPagano.PFBatDeskAppLPUITests;
				PRODUCT_NAME = "$(TARGET_NAME)";
				SWIFT_EMIT_LOC_STRINGS = NO;
				SWIFT_VERSION = 5.0;
				TARGETED_DEVICE_FAMILY = "1,2";
				TEST_TARGET_NAME = PFBatDeskAppLP;
			};
			name = Release;
		};
/* End XCBuildConfiguration section */

/* Begin XCConfigurationList section */
		13216B582A79239D00920634 /* Build configuration list for PBXProject "PFBatDeskAppLP" */ = {
			isa = XCConfigurationList;
			buildConfigurations = (
				13216B7F2A79239E00920634 /* Debug */,
				13216B802A79239E00920634 /* Release */,
			);
			defaultConfigurationIsVisible = 0;
			defaultConfigurationName = Release;
		};
		13216B812A79239E00920634 /* Build configuration list for PBXNativeTarget "PFBatDeskAppLP" */ = {
			isa = XCConfigurationList;
			buildConfigurations = (
				13216B822A79239E00920634 /* Debug */,
				13216B832A79239E00920634 /* Release */,
			);
			defaultConfigurationIsVisible = 0;
			defaultConfigurationName = Release;
		};
		13216B842A79239E00920634 /* Build configuration list for PBXNativeTarget "PFBatDeskAppLPTests" */ = {
			isa = XCConfigurationList;
			buildConfigurations = (
				13216B852A79239E00920634 /* Debug */,
				13216B862A79239E00920634 /* Release */,
			);
			defaultConfigurationIsVisible = 0;
			defaultConfigurationName = Release;
		};
		13216B872A79239E00920634 /* Build configuration list for PBXNativeTarget "PFBatDeskAppLPUITests" */ = {
			isa = XCConfigurationList;
			buildConfigurations = (
				13216B882A79239E00920634 /* Debug */,
				13216B892A79239E00920634 /* Release */,
			);
			defaultConfigurationIsVisible = 0;
			defaultConfigurationName = Release;
		};
/* End XCConfigurationList section */
	};
	rootObject = 13216B552A79239D00920634 /* Project object */;
}
